
Microsoft Visual Studio Solution File, Format Version 12.00
# Visual Studio 2015
Project("{FAE04EC0-301F-11D3-BF4B-00C04F79EFBC}") = "UI_Editeur.CSharp", "UI_Editeur.CSharp.csproj", "{E79E8669-429C-1952-5D67-12F8E7655F00}"
EndProject
Global
	GlobalSection(SolutionConfigurationPlatforms) = preSolution
		Debug|Any CPU = Debug|Any CPU
		Release|Any CPU = Release|Any CPU
	EndGlobalSection
	GlobalSection(ProjectConfigurationPlatforms) = postSolution
		{E79E8669-429C-1952-5D67-12F8E7655F00}.Debug|Any CPU.ActiveCfg = Debug|Any CPU
		{E79E8669-429C-1952-5D67-12F8E7655F00}.Debug|Any CPU.Build.0 = Debug|Any CPU
		{E79E8669-429C-1952-5D67-12F8E7655F00}.Release|Any CPU.ActiveCfg = Release|Any CPU
		{E79E8669-429C-1952-5D67-12F8E7655F00}.Release|Any CPU.Build.0 = Release|Any CPU
	EndGlobalSection
	GlobalSection(SolutionProperties) = preSolution
		HideSolutionNode = FALSE
	EndGlobalSection
EndGlobal
